
Microsoft Visual Studio Solution File, Format Version 12.00
# Visual Studio Version 17
VisualStudioVersion = 17.10.35013.160
MinimumVisualStudioVersion = 10.0.40219.1
Project("{9A19103F-16F7-4668-BE54-9A1E7A4F7556}") = "GGUFReader", "GGUFReader\GGUFReader.csproj", "{6BA9FD38-D695-4301-9931-D795810971C0}"
EndProject
Project("{FAE04EC0-301F-11D3-BF4B-00C04F79EFBC}") = "GGUFReader.Tests", "GGUFReader.Tests\GGUFReader.Tests.csproj", "{7F0F8E9A-EB8C-4534-8A38-391584505B09}"
EndProject
Global
	GlobalSection(SolutionConfigurationPlatforms) = preSolution
		Debug|Any CPU = Debug|Any CPU
		Release|Any CPU = Release|Any CPU
	EndGlobalSection
	GlobalSection(ProjectConfigurationPlatforms) = postSolution
		{6BA9FD38-D695-4301-9931-D795810971C0}.Debug|Any CPU.ActiveCfg = Debug|Any CPU
		{6BA9FD38-D695-4301-9931-D795810971C0}.Debug|Any CPU.Build.0 = Debug|Any CPU
		{6BA9FD38-D695-4301-9931-D795810971C0}.Release|Any CPU.ActiveCfg = Release|Any CPU
		{6BA9FD38-D695-4301-9931-D795810971C0}.Release|Any CPU.Build.0 = Release|Any CPU
		{7F0F8E9A-EB8C-4534-8A38-391584505B09}.Debug|Any CPU.ActiveCfg = Debug|Any CPU
		{7F0F8E9A-EB8C-4534-8A38-391584505B09}.Debug|Any CPU.Build.0 = Debug|Any CPU
		{7F0F8E9A-EB8C-4534-8A38-391584505B09}.Release|Any CPU.ActiveCfg = Release|Any CPU
		{7F0F8E9A-EB8C-4534-8A38-391584505B09}.Release|Any CPU.Build.0 = Release|Any CPU
	EndGlobalSection
	GlobalSection(SolutionProperties) = preSolution
		HideSolutionNode = FALSE
	EndGlobalSection
	GlobalSection(ExtensibilityGlobals) = postSolution
		SolutionGuid = {8AB16495-C6F5-4F48-8D30-983489D435AF}
	EndGlobalSection
EndGlobal
